
Microsoft Visual Studio Solution File, Format Version 12.00
# Visual Studio Version 17
VisualStudioVersion = 17.12.35527.113 d17.12
MinimumVisualStudioVersion = 10.0.40219.1
Project("{FAE04EC0-301F-11D3-BF4B-00C04F79EFBC}") = "Gpto1MiniClient", "Gpto1MiniServer\Gpto1MiniClient.csproj", "{941D33B4-C917-4BC7-9235-C473D855C22B}"
EndProject
Global
	GlobalSection(SolutionConfigurationPlatforms) = preSolution
		Debug|Any CPU = Debug|Any CPU
		Release|Any CPU = Release|Any CPU
	EndGlobalSection
	GlobalSection(ProjectConfigurationPlatforms) = postSolution
		{941D33B4-C917-4BC7-9235-C473D855C22B}.Debug|Any CPU.ActiveCfg = Debug|Any CPU
		{941D33B4-C917-4BC7-9235-C473D855C22B}.Debug|Any CPU.Build.0 = Debug|Any CPU
		{941D33B4-C917-4BC7-9235-C473D855C22B}.Release|Any CPU.ActiveCfg = Release|Any CPU
		{941D33B4-C917-4BC7-9235-C473D855C22B}.Release|Any CPU.Build.0 = Release|Any CPU
	EndGlobalSection
	GlobalSection(SolutionProperties) = preSolution
		HideSolutionNode = FALSE
	EndGlobalSection
EndGlobal
